# This file was autogenerated by uv via the following command:
#    uv pip compile etl/requirements.txt -o etl/requirements.lock --python-version 3.14 --python-platform x86_64-unknown-linux-gnu
certifi==2026.7.22
    # via requests
charset-normalizer==3.5.1
    # via requests
duckdb==1.5.5
    # via -r etl/requirements.txt
idna==3.19
    # via requests
requests==2.34.2
    # via vadersentiment
urllib3==2.7.0
    # via requests
vadersentiment==3.3.2
    # via -r etl/requirements.txt
